// !$*UTF8*$!
{
	archiveVersion = 1;
	classes = {
	};
	objectVersion = 46;
	objects = {

/* Begin PBXBuildFile section */
		3E0831C61BB8BE440098B077 /* Main.cpp in Sources */ = {isa = PBXBuildFile; fileRef = 3E0831C51BB8BE440098B077 /* Main.cpp */; };
		3E0831DB1BB8E7BE0098B077 /* Main.cpp in Sources */ = {isa = PBXBuildFile; fileRef = 3E0831DA1BB8E7BE0098B077 /* Main.cpp */; };
		3EACDB0A1BCA170600586F2F /* Parser.cpp in Sources */ = {isa = PBXBuildFile; fileRef = 3EACDB081BCA170600586F2F /* Parser.cpp */; settings = {ASSET_TAGS = (); }; };
/* End PBXBuildFile section */

/* Begin PBXCopyFilesBuildPhase section */
		3E0831C01BB8BE440098B077 /* CopyFiles */ = {
			isa = PBXCopyFilesBuildPhase;
			buildActionMask = 2147483647;
			dstPath = /usr/share/man/man1/;
			dstSubfolderSpec = 0;
			files = (
			);
			runOnlyForDeploymentPostprocessing = 1;
		};
		3E0831D61BB8E7BE0098B077 /* CopyFiles */ = {
			isa = PBXCopyFilesBuildPhase;
			buildActionMask = 2147483647;
			dstPath = /usr/share/man/man1/;
			dstSubfolderSpec = 0;
			files = (
			);
			runOnlyForDeploymentPostprocessing = 1;
		};
/* End PBXCopyFilesBuildPhase section */

/* Begin PBXFileReference section */
		3E0831C21BB8BE440098B077 /* Assembler8085 */ = {isa = PBXFileReference; explicitFileType = "compiled.mach-o.executable"; includeInIndex = 0; path = Assembler8085; sourceTree = BUILT_PRODUCTS_DIR; };
		3E0831C51BB8BE440098B077 /* Main.cpp */ = {isa = PBXFileReference; lastKnownFileType = sourcecode.cpp.cpp; path = Main.cpp; sourceTree = "<group>"; };
		3E0831D81BB8E7BE0098B077 /* Assembler8085Design */ = {isa = PBXFileReference; explicitFileType = "compiled.mach-o.executable"; includeInIndex = 0; path = Assembler8085Design; sourceTree = BUILT_PRODUCTS_DIR; };
		3E0831DA1BB8E7BE0098B077 /* Main.cpp */ = {isa = PBXFileReference; lastKnownFileType = sourcecode.cpp.cpp; path = Main.cpp; sourceTree = "<group>"; };
		3E0831E41BB8ECA40098B077 /* Designer.h */ = {isa = PBXFileReference; fileEncoding = 4; lastKnownFileType = sourcecode.c.h; path = Designer.h; sourceTree = "<group>"; };
		3EACDB081BCA170600586F2F /* Parser.cpp */ = {isa = PBXFileReference; fileEncoding = 4; lastKnownFileType = sourcecode.cpp.cpp; path = Parser.cpp; sourceTree = "<group>"; };
		3EACDB091BCA170600586F2F /* Parser.h */ = {isa = PBXFileReference; fileEncoding = 4; lastKnownFileType = sourcecode.c.h; path = Parser.h; sourceTree = "<group>"; };
		3EACDB0C1BCA193800586F2F /* SyntaxErrorException.h */ = {isa = PBXFileReference; fileEncoding = 4; lastKnownFileType = sourcecode.c.h; path = SyntaxErrorException.h; sourceTree = "<group>"; };
/* End PBXFileReference section */

/* Begin PBXFrameworksBuildPhase section */
		3E0831BF1BB8BE440098B077 /* Frameworks */ = {
			isa = PBXFrameworksBuildPhase;
			buildActionMask = 2147483647;
			files = (
			);
			runOnlyForDeploymentPostprocessing = 0;
		};
		3E0831D51BB8E7BE0098B077 /* Frameworks */ = {
			isa = PBXFrameworksBuildPhase;
			buildActionMask = 2147483647;
			files = (
			);
			runOnlyForDeploymentPostprocessing = 0;
		};
/* End PBXFrameworksBuildPhase section */

/* Begin PBXGroup section */
		3E0831B91BB8BE440098B077 = {
			isa = PBXGroup;
			children = (
				3E0831E11BB8EBF60098B077 /* Submodules */,
				3E0831C41BB8BE440098B077 /* Assembler8085 */,
				3E0831D91BB8E7BE0098B077 /* Assembler8085Design */,
				3E0831C31BB8BE440098B077 /* Products */,
			);
			sourceTree = "<group>";
		};
		3E0831C31BB8BE440098B077 /* Products */ = {
			isa = PBXGroup;
			children = (
				3E0831C21BB8BE440098B077 /* Assembler8085 */,
				3E0831D81BB8E7BE0098B077 /* Assembler8085Design */,
			);
			name = Products;
			sourceTree = "<group>";
		};
		3E0831C41BB8BE440098B077 /* Assembler8085 */ = {
			isa = PBXGroup;
			children = (
				3E0831C51BB8BE440098B077 /* Main.cpp */,
				3EACDB081BCA170600586F2F /* Parser.cpp */,
				3EACDB091BCA170600586F2F /* Parser.h */,
				3EACDB0C1BCA193800586F2F /* SyntaxErrorException.h */,
			);
			path = Assembler8085;
			sourceTree = "<group>";
		};
		3E0831D91BB8E7BE0098B077 /* Assembler8085Design */ = {
			isa = PBXGroup;
			children = (
				3E0831DA1BB8E7BE0098B077 /* Main.cpp */,
			);
			path = Assembler8085Design;
			sourceTree = "<group>";
		};
		3E0831E11BB8EBF60098B077 /* Submodules */ = {
			isa = PBXGroup;
			children = (
				3E0831E21BB8EC740098B077 /* Designer */,
			);
			path = Submodules;
			sourceTree = "<group>";
		};
		3E0831E21BB8EC740098B077 /* Designer */ = {
			isa = PBXGroup;
			children = (
				3E0831E31BB8EC8A0098B077 /* Designer */,
			);
			path = Designer;
			sourceTree = "<group>";
		};
		3E0831E31BB8EC8A0098B077 /* Designer */ = {
			isa = PBXGroup;
			children = (
				3E0831E41BB8ECA40098B077 /* Designer.h */,
			);
			path = Designer;
			sourceTree = "<group>";
		};
/* End PBXGroup section */

/* Begin PBXNativeTarget section */
		3E0831C11BB8BE440098B077 /* Assembler8085 */ = {
			isa = PBXNativeTarget;
			buildConfigurationList = 3E0831C91BB8BE440098B077 /* Build configuration list for PBXNativeTarget "Assembler8085" */;
			buildPhases = (
				3E0831BE1BB8BE440098B077 /* Sources */,
				3E0831BF1BB8BE440098B077 /* Frameworks */,
				3E0831C01BB8BE440098B077 /* CopyFiles */,
			);
			buildRules = (
			);
			dependencies = (
			);
			name = Assembler8085;
			productName = Assembler8085;
			productReference = 3E0831C21BB8BE440098B077 /* Assembler8085 */;
			productType = "com.apple.product-type.tool";
		};
		3E0831D71BB8E7BE0098B077 /* Assembler8085Design */ = {
			isa = PBXNativeTarget;
			buildConfigurationList = 3E0831DE1BB8E7BE0098B077 /* Build configuration list for PBXNativeTarget "Assembler8085Design" */;
			buildPhases = (
				3E0831D41BB8E7BE0098B077 /* Sources */,
				3E0831D51BB8E7BE0098B077 /* Frameworks */,
				3E0831D61BB8E7BE0098B077 /* CopyFiles */,
			);
			buildRules = (
			);
			dependencies = (
			);
			name = Assembler8085Design;
			productName = Assembler8085Design;
			productReference = 3E0831D81BB8E7BE0098B077 /* Assembler8085Design */;
			productType = "com.apple.product-type.tool";
		};
/* End PBXNativeTarget section */

/* Begin PBXProject section */
		3E0831BA1BB8BE440098B077 /* Project object */ = {
			isa = PBXProject;
			attributes = {
				LastUpgradeCheck = 0620;
				ORGANIZATIONNAME = TakeUpCode;
				TargetAttributes = {
					3E0831C11BB8BE440098B077 = {
						CreatedOnToolsVersion = 6.2;
					};
					3E0831D71BB8E7BE0098B077 = {
						CreatedOnToolsVersion = 6.2;
					};
				};
			};
			buildConfigurationList = 3E0831BD1BB8BE440098B077 /* Build configuration list for PBXProject "Assembler8085" */;
			compatibilityVersion = "Xcode 3.2";
			developmentRegion = English;
			hasScannedForEncodings = 0;
			knownRegions = (
				en,
			);
			mainGroup = 3E0831B91BB8BE440098B077;
			productRefGroup = 3E0831C31BB8BE440098B077 /* Products */;
			projectDirPath = "";
			projectRoot = "";
			targets = (
				3E0831C11BB8BE440098B077 /* Assembler8085 */,
				3E0831D71BB8E7BE0098B077 /* Assembler8085Design */,
			);
		};
/* End PBXProject section */

/* Begin PBXSourcesBuildPhase section */
		3E0831BE1BB8BE440098B077 /* Sources */ = {
			isa = PBXSourcesBuildPhase;
			buildActionMask = 2147483647;
			files = (
				3EACDB0A1BCA170600586F2F /* Parser.cpp in Sources */,
				3E0831C61BB8BE440098B077 /* Main.cpp in Sources */,
			);
			runOnlyForDeploymentPostprocessing = 0;
		};
		3E0831D41BB8E7BE0098B077 /* Sources */ = {
			isa = PBXSourcesBuildPhase;
			buildActionMask = 2147483647;
			files = (
				3E0831DB1BB8E7BE0098B077 /* Main.cpp in Sources */,
			);
			runOnlyForDeploymentPostprocessing = 0;
		};
/* End PBXSourcesBuildPhase section */

/* Begin XCBuildConfiguration section */
		3E0831C71BB8BE440098B077 /* Debug */ = {
			isa = XCBuildConfiguration;
			buildSettings = {
				ALWAYS_SEARCH_USER_PATHS = NO;
				CLANG_CXX_LANGUAGE_STANDARD = "gnu++0x";
				CLANG_CXX_LIBRARY = "libc++";
				CLANG_ENABLE_MODULES = YES;
				CLANG_ENABLE_OBJC_ARC = YES;
				CLANG_WARN_BOOL_CONVERSION = YES;
				CLANG_WARN_CONSTANT_CONVERSION = YES;
				CLANG_WARN_DIRECT_OBJC_ISA_USAGE = YES_ERROR;
				CLANG_WARN_EMPTY_BODY = YES;
				CLANG_WARN_ENUM_CONVERSION = YES;
				CLANG_WARN_INT_CONVERSION = YES;
				CLANG_WARN_OBJC_ROOT_CLASS = YES_ERROR;
				CLANG_WARN_UNREACHABLE_CODE = YES;
				CLANG_WARN__DUPLICATE_METHOD_MATCH = YES;
				COPY_PHASE_STRIP = NO;
				ENABLE_STRICT_OBJC_MSGSEND = YES;
				GCC_C_LANGUAGE_STANDARD = gnu99;
				GCC_DYNAMIC_NO_PIC = NO;
				GCC_OPTIMIZATION_LEVEL = 0;
				GCC_PREPROCESSOR_DEFINITIONS = (
					"DEBUG=1",
					"$(inherited)",
				);
				GCC_SYMBOLS_PRIVATE_EXTERN = NO;
				GCC_WARN_64_TO_32_BIT_CONVERSION = YES;
				GCC_WARN_ABOUT_RETURN_TYPE = YES_ERROR;
				GCC_WARN_UNDECLARED_SELECTOR = YES;
				GCC_WARN_UNINITIALIZED_AUTOS = YES_AGGRESSIVE;
				GCC_WARN_UNUSED_FUNCTION = YES;
				GCC_WARN_UNUSED_VARIABLE = YES;
				MACOSX_DEPLOYMENT_TARGET = 10.9;
				MTL_ENABLE_DEBUG_INFO = YES;
				ONLY_ACTIVE_ARCH = YES;
				SDKROOT = macosx;
			};
			name = Debug;
		};
		3E0831C81BB8BE440098B077 /* Release */ = {
			isa = XCBuildConfiguration;
			buildSettings = {
				ALWAYS_SEARCH_USER_PATHS = NO;
				CLANG_CXX_LANGUAGE_STANDARD = "gnu++0x";
				CLANG_CXX_LIBRARY = "libc++";
				CLANG_ENABLE_MODULES = YES;
				CLANG_ENABLE_OBJC_ARC = YES;
				CLANG_WARN_BOOL_CONVERSION = YES;
				CLANG_WARN_CONSTANT_CONVERSION = YES;
				CLANG_WARN_DIRECT_OBJC_ISA_USAGE = YES_ERROR;
				CLANG_WARN_EMPTY_BODY = YES;
				CLANG_WARN_ENUM_CONVERSION = YES;
				CLANG_WARN_INT_CONVERSION = YES;
				CLANG_WARN_OBJC_ROOT_CLASS = YES_ERROR;
				CLANG_WARN_UNREACHABLE_CODE = YES;
				CLANG_WARN__DUPLICATE_METHOD_MATCH = YES;
				COPY_PHASE_STRIP = NO;
				DEBUG_INFORMATION_FORMAT = "dwarf-with-dsym";
				ENABLE_NS_ASSERTIONS = NO;
				ENABLE_STRICT_OBJC_MSGSEND = YES;
				GCC_C_LANGUAGE_STANDARD = gnu99;
				GCC_WARN_64_TO_32_BIT_CONVERSION = YES;
				GCC_WARN_ABOUT_RETURN_TYPE = YES_ERROR;
				GCC_WARN_UNDECLARED_SELECTOR = YES;
				GCC_WARN_UNINITIALIZED_AUTOS = YES_AGGRESSIVE;
				GCC_WARN_UNUSED_FUNCTION = YES;
				GCC_WARN_UNUSED_VARIABLE = YES;
				MACOSX_DEPLOYMENT_TARGET = 10.9;
				MTL_ENABLE_DEBUG_INFO = NO;
				SDKROOT = macosx;
			};
			name = Release;
		};
		3E0831CA1BB8BE440098B077 /* Debug */ = {
			isa = XCBuildConfiguration;
			buildSettings = {
				PRODUCT_NAME = "$(TARGET_NAME)";
			};
			name = Debug;
		};
		3E0831CB1BB8BE440098B077 /* Release */ = {
			isa = XCBuildConfiguration;
			buildSettings = {
				PRODUCT_NAME = "$(TARGET_NAME)";
			};
			name = Release;
		};
		3E0831DC1BB8E7BE0098B077 /* Debug */ = {
			isa = XCBuildConfiguration;
			buildSettings = {
				GCC_PREPROCESSOR_DEFINITIONS = (
					"DEBUG=1",
					"$(inherited)",
				);
				PRODUCT_NAME = "$(TARGET_NAME)";
			};
			name = Debug;
		};
		3E0831DD1BB8E7BE0098B077 /* Release */ = {
			isa = XCBuildConfiguration;
			buildSettings = {
				PRODUCT_NAME = "$(TARGET_NAME)";
			};
			name = Release;
		};
/* End XCBuildConfiguration section */

/* Begin XCConfigurationList section */
		3E0831BD1BB8BE440098B077 /* Build configuration list for PBXProject "Assembler8085" */ = {
			isa = XCConfigurationList;
			buildConfigurations = (
				3E0831C71BB8BE440098B077 /* Debug */,
				3E0831C81BB8BE440098B077 /* Release */,
			);
			defaultConfigurationIsVisible = 0;
			defaultConfigurationName = Release;
		};
		3E0831C91BB8BE440098B077 /* Build configuration list for PBXNativeTarget "Assembler8085" */ = {
			isa = XCConfigurationList;
			buildConfigurations = (
				3E0831CA1BB8BE440098B077 /* Debug */,
				3E0831CB1BB8BE440098B077 /* Release */,
			);
			defaultConfigurationIsVisible = 0;
			defaultConfigurationName = Release;
		};
		3E0831DE1BB8E7BE0098B077 /* Build configuration list for PBXNativeTarget "Assembler8085Design" */ = {
			isa = XCConfigurationList;
			buildConfigurations = (
				3E0831DC1BB8E7BE0098B077 /* Debug */,
				3E0831DD1BB8E7BE0098B077 /* Release */,
			);
			defaultConfigurationIsVisible = 0;
			defaultConfigurationName = Release;
		};
/* End XCConfigurationList section */
	};
	rootObject = 3E0831BA1BB8BE440098B077 /* Project object */;
}
